
Microsoft Visual Studio Solution File, Format Version 12.00
# Visual Studio 14
VisualStudioVersion = 14.0.25420.1
MinimumVisualStudioVersion = 10.0.40219.1
Project("{FAE04EC0-301F-11D3-BF4B-00C04F79EFBC}") = "MyPGP", "MyPGP\MyPGP.csproj", "{B1EFED17-D25E-48B1-838F-EECE80F0CD97}"
EndProject
Project("{FAE04EC0-301F-11D3-BF4B-00C04F79EFBC}") = "PGPSnippet", "PGPSnippet\PGPSnippet.csproj", "{F1EBE637-1C6F-4FFD-967D-E88A3D35F290}"
EndProject
Project("{2150E333-8FDC-42A3-9474-1A3956D46DE8}") = ".nuget", ".nuget", "{8F995EA1-1BE9-404A-ABB7-4F201AB30C70}"
	ProjectSection(SolutionItems) = preProject
		.nuget\packages.config = .nuget\packages.config
	EndProjectSection
EndProject
Project("{FAE04EC0-301F-11D3-BF4B-00C04F79EFBC}") = "CryptographicWrapper", "CryptographicWrapper\CryptographicWrapper.csproj", "{2D9C7808-986C-4AD4-9953-A63A570F4DBE}"
EndProject
Project("{FAE04EC0-301F-11D3-BF4B-00C04F79EFBC}") = "DocumentSigner", "DocumentSigner\DocumentSigner.csproj", "{7B2A62A5-D394-4B4D-BAFF-4F0A9984BBD2}"
EndProject
Global
	GlobalSection(SolutionConfigurationPlatforms) = preSolution
		Debug|Any CPU = Debug|Any CPU
		Release|Any CPU = Release|Any CPU
	EndGlobalSection
	GlobalSection(ProjectConfigurationPlatforms) = postSolution
		{B1EFED17-D25E-48B1-838F-EECE80F0CD97}.Debug|Any CPU.ActiveCfg = Debug|Any CPU
		{B1EFED17-D25E-48B1-838F-EECE80F0CD97}.Debug|Any CPU.Build.0 = Debug|Any CPU
		{B1EFED17-D25E-48B1-838F-EECE80F0CD97}.Release|Any CPU.ActiveCfg = Release|Any CPU
		{B1EFED17-D25E-48B1-838F-EECE80F0CD97}.Release|Any CPU.Build.0 = Release|Any CPU
		{F1EBE637-1C6F-4FFD-967D-E88A3D35F290}.Debug|Any CPU.ActiveCfg = Debug|Any CPU
		{F1EBE637-1C6F-4FFD-967D-E88A3D35F290}.Debug|Any CPU.Build.0 = Debug|Any CPU
		{F1EBE637-1C6F-4FFD-967D-E88A3D35F290}.Release|Any CPU.ActiveCfg = Release|Any CPU
		{F1EBE637-1C6F-4FFD-967D-E88A3D35F290}.Release|Any CPU.Build.0 = Release|Any CPU
		{2D9C7808-986C-4AD4-9953-A63A570F4DBE}.Debug|Any CPU.ActiveCfg = Debug|Any CPU
		{2D9C7808-986C-4AD4-9953-A63A570F4DBE}.Debug|Any CPU.Build.0 = Debug|Any CPU
		{2D9C7808-986C-4AD4-9953-A63A570F4DBE}.Release|Any CPU.ActiveCfg = Release|Any CPU
		{2D9C7808-986C-4AD4-9953-A63A570F4DBE}.Release|Any CPU.Build.0 = Release|Any CPU
		{7B2A62A5-D394-4B4D-BAFF-4F0A9984BBD2}.Debug|Any CPU.ActiveCfg = Debug|Any CPU
		{7B2A62A5-D394-4B4D-BAFF-4F0A9984BBD2}.Debug|Any CPU.Build.0 = Debug|Any CPU
		{7B2A62A5-D394-4B4D-BAFF-4F0A9984BBD2}.Release|Any CPU.ActiveCfg = Release|Any CPU
		{7B2A62A5-D394-4B4D-BAFF-4F0A9984BBD2}.Release|Any CPU.Build.0 = Release|Any CPU
	EndGlobalSection
	GlobalSection(SolutionProperties) = preSolution
		HideSolutionNode = FALSE
	EndGlobalSection
EndGlobal
